
Microsoft Visual Studio Solution File, Format Version 12.00
# Visual Studio 14
VisualStudioVersion = 14.0.25420.1
MinimumVisualStudioVersion = 10.0.40219.1
Project("{FAE04EC0-301F-11D3-BF4B-00C04F79EFBC}") = "BuildAndTest", "BuildAndTest\BuildAndTest.csproj", "{ED093C0F-32C4-42C3-9C51-E2BE3D34B594}"
EndProject
Project("{FAE04EC0-301F-11D3-BF4B-00C04F79EFBC}") = "BuildAndTest.Tests", "BuildAndTest.Tests\BuildAndTest.Tests.csproj", "{F10A4392-FE24-49C2-9D2D-03D6040466CA}"
EndProject
Global
	GlobalSection(SolutionConfigurationPlatforms) = preSolution
		Debug|Any CPU = Debug|Any CPU
		Release|Any CPU = Release|Any CPU
	EndGlobalSection
	GlobalSection(ProjectConfigurationPlatforms) = postSolution
		{ED093C0F-32C4-42C3-9C51-E2BE3D34B594}.Debug|Any CPU.ActiveCfg = Debug|Any CPU
		{ED093C0F-32C4-42C3-9C51-E2BE3D34B594}.Debug|Any CPU.Build.0 = Debug|Any CPU
		{ED093C0F-32C4-42C3-9C51-E2BE3D34B594}.Release|Any CPU.ActiveCfg = Release|Any CPU
		{ED093C0F-32C4-42C3-9C51-E2BE3D34B594}.Release|Any CPU.Build.0 = Release|Any CPU
		{F10A4392-FE24-49C2-9D2D-03D6040466CA}.Debug|Any CPU.ActiveCfg = Debug|Any CPU
		{F10A4392-FE24-49C2-9D2D-03D6040466CA}.Debug|Any CPU.Build.0 = Debug|Any CPU
		{F10A4392-FE24-49C2-9D2D-03D6040466CA}.Release|Any CPU.ActiveCfg = Release|Any CPU
		{F10A4392-FE24-49C2-9D2D-03D6040466CA}.Release|Any CPU.Build.0 = Release|Any CPU
	EndGlobalSection
	GlobalSection(SolutionProperties) = preSolution
		HideSolutionNode = FALSE
	EndGlobalSection
EndGlobal
